{
  "name": "voting_app",
  "version": "0.1.0",
  "lockfileVersion": 1,
  "requires": true,
  "dependencies": {
    "cookie": {
      "version": "0.3.1",
      "resolved": "https://registry.npmjs.org/cookie/-/cookie-0.3.1.tgz",
      "integrity": "sha1-5+Ch+e9DtMi6klxcWpboBtFoc7s="
    },
    "is-node": {
      "version": "1.0.2",
      "resolved": "https://registry.npmjs.org/is-node/-/is-node-1.0.2.tgz",
      "integrity": "sha1-19ACdF733ru3R36YiVarCk/MtlM="
    },
    "object-assign": {
      "version": "4.1.1",
      "resolved": "https://registry.npmjs.org/object-assign/-/object-assign-4.1.1.tgz",
      "integrity": "sha1-IQmtx5ZYh8/AXLvUQsrIv7s2CGM="
    },
    "react-cookie": {
      "version": "1.0.5",
      "resolved": "https://registry.npmjs.org/react-cookie/-/react-cookie-1.0.5.tgz",
      "integrity": "sha1-I0GQvVXd/qNhREqJyHMHerar9lE=",
      "requires": {
        "cookie": "0.3.1",
        "is-node": "1.0.2",
        "object-assign": "4.1.1"
      }
    },
    "yarn": {
      "version": "1.7.0",
      "resolved": "https://registry.npmjs.org/yarn/-/yarn-1.7.0.tgz",
      "integrity": "sha1-AHa5/eYBDgGVBSamCbxTvBde+SU="
    }
  }
}
